
Microsoft Visual Studio Solution File, Format Version 12.00
# Visual Studio Version 17
VisualStudioVersion = 17.13.35825.156 d17.13
MinimumVisualStudioVersion = 10.0.40219.1
Project("{FAE04EC0-301F-11D3-BF4B-00C04F79EFBC}") = "DesktopChat", "DesktopChat\DesktopChat.csproj", "{B811B1C3-05C3-431F-9C6E-1D0FE449329F}"
EndProject
Global
	GlobalSection(SolutionConfigurationPlatforms) = preSolution
		Debug|Any CPU = Debug|Any CPU
		Release|Any CPU = Release|Any CPU
	EndGlobalSection
	GlobalSection(ProjectConfigurationPlatforms) = postSolution
		{B811B1C3-05C3-431F-9C6E-1D0FE449329F}.Debug|Any CPU.ActiveCfg = Debug|Any CPU
		{B811B1C3-05C3-431F-9C6E-1D0FE449329F}.Debug|Any CPU.Build.0 = Debug|Any CPU
		{B811B1C3-05C3-431F-9C6E-1D0FE449329F}.Release|Any CPU.ActiveCfg = Release|Any CPU
		{B811B1C3-05C3-431F-9C6E-1D0FE449329F}.Release|Any CPU.Build.0 = Release|Any CPU
	EndGlobalSection
	GlobalSection(SolutionProperties) = preSolution
		HideSolutionNode = FALSE
	EndGlobalSection
	GlobalSection(ExtensibilityGlobals) = postSolution
		SolutionGuid = {D2416C7C-53EC-4229-A836-C90DAB5EEF62}
	EndGlobalSection
EndGlobal
